// !$*UTF8*$!
{
	archiveVersion = 1;
	classes = {
	};
	objectVersion = 50;
	objects = {

/* Begin PBXBuildFile section */
		C53442CF2628A42600C81FA1 /* SFPViewController.swift in Sources */ = {isa = PBXBuildFile; fileRef = C53442CE2628A42600C81FA1 /* SFPViewController.swift */; };
		C537830926282FF80000A751 /* AppDelegate.swift in Sources */ = {isa = PBXBuildFile; fileRef = C537830826282FF80000A751 /* AppDelegate.swift */; };
		C537830B26282FF80000A751 /* SceneDelegate.swift in Sources */ = {isa = PBXBuildFile; fileRef = C537830A26282FF80000A751 /* SceneDelegate.swift */; };
		C537830D26282FF80000A751 /* ViewController.swift in Sources */ = {isa = PBXBuildFile; fileRef = C537830C26282FF80000A751 /* ViewController.swift */; };
		C537831026282FF80000A751 /* Main.storyboard in Resources */ = {isa = PBXBuildFile; fileRef = C537830E26282FF80000A751 /* Main.storyboard */; };
		C537831226282FF80000A751 /* Assets.xcassets in Resources */ = {isa = PBXBuildFile; fileRef = C537831126282FF80000A751 /* Assets.xcassets */; };
		C537831526282FF80000A751 /* LaunchScreen.storyboard in Resources */ = {isa = PBXBuildFile; fileRef = C537831326282FF80000A751 /* LaunchScreen.storyboard */; };
		C537831E262837470000A751 /* LogInViewController.swift in Sources */ = {isa = PBXBuildFile; fileRef = C537831D262837470000A751 /* LogInViewController.swift */; };
		C5378321262837800000A751 /* SignInViewController.swift in Sources */ = {isa = PBXBuildFile; fileRef = C5378320262837800000A751 /* SignInViewController.swift */; };
		C53783242628379D0000A751 /* MenuViewController.swift in Sources */ = {isa = PBXBuildFile; fileRef = C53783232628379D0000A751 /* MenuViewController.swift */; };
		C537832926283B5E0000A751 /* SLogInViewController.swift in Sources */ = {isa = PBXBuildFile; fileRef = C537832826283B5E0000A751 /* SLogInViewController.swift */; };
		C537832C26283B710000A751 /* SSignUpViewController.swift in Sources */ = {isa = PBXBuildFile; fileRef = C537832B26283B710000A751 /* SSignUpViewController.swift */; };
		C53783302628435C0000A751 /* FPViewController.swift in Sources */ = {isa = PBXBuildFile; fileRef = C537832F2628435C0000A751 /* FPViewController.swift */; };
/* End PBXBuildFile section */

/* Begin PBXFileReference section */
		C53442CE2628A42600C81FA1 /* SFPViewController.swift */ = {isa = PBXFileReference; lastKnownFileType = sourcecode.swift; path = SFPViewController.swift; sourceTree = "<group>"; };
		C537830526282FF80000A751 /* S&L.app */ = {isa = PBXFileReference; explicitFileType = wrapper.application; includeInIndex = 0; path = "S&L.app"; sourceTree = BUILT_PRODUCTS_DIR; };
		C537830826282FF80000A751 /* AppDelegate.swift */ = {isa = PBXFileReference; lastKnownFileType = sourcecode.swift; path = AppDelegate.swift; sourceTree = "<group>"; };
		C537830A26282FF80000A751 /* SceneDelegate.swift */ = {isa = PBXFileReference; lastKnownFileType = sourcecode.swift; path = SceneDelegate.swift; sourceTree = "<group>"; };
		C537830C26282FF80000A751 /* ViewController.swift */ = {isa = PBXFileReference; lastKnownFileType = sourcecode.swift; path = ViewController.swift; sourceTree = "<group>"; };
		C537830F26282FF80000A751 /* Base */ = {isa = PBXFileReference; lastKnownFileType = file.storyboard; name = Base; path = Base.lproj/Main.storyboard; sourceTree = "<group>"; };
		C537831126282FF80000A751 /* Assets.xcassets */ = {isa = PBXFileReference; lastKnownFileType = folder.assetcatalog; path = Assets.xcassets; sourceTree = "<group>"; };
		C537831426282FF80000A751 /* Base */ = {isa = PBXFileReference; lastKnownFileType = file.storyboard; name = Base; path = Base.lproj/LaunchScreen.storyboard; sourceTree = "<group>"; };
		C537831626282FF80000A751 /* Info.plist */ = {isa = PBXFileReference; lastKnownFileType = text.plist.xml; path = Info.plist; sourceTree = "<group>"; };
		C537831D262837470000A751 /* LogInViewController.swift */ = {isa = PBXFileReference; lastKnownFileType = sourcecode.swift; path = LogInViewController.swift; sourceTree = "<group>"; };
		C5378320262837800000A751 /* SignInViewController.swift */ = {isa = PBXFileReference; lastKnownFileType = sourcecode.swift; path = SignInViewController.swift; sourceTree = "<group>"; };
		C53783232628379D0000A751 /* MenuViewController.swift */ = {isa = PBXFileReference; lastKnownFileType = sourcecode.swift; path = MenuViewController.swift; sourceTree = "<group>"; };
		C537832826283B5E0000A751 /* SLogInViewController.swift */ = {isa = PBXFileReference; lastKnownFileType = sourcecode.swift; path = SLogInViewController.swift; sourceTree = "<group>"; };
		C537832B26283B710000A751 /* SSignUpViewController.swift */ = {isa = PBXFileReference; lastKnownFileType = sourcecode.swift; path = SSignUpViewController.swift; sourceTree = "<group>"; };
		C537832F2628435C0000A751 /* FPViewController.swift */ = {isa = PBXFileReference; lastKnownFileType = sourcecode.swift; path = FPViewController.swift; sourceTree = "<group>"; };
/* End PBXFileReference section */

/* Begin PBXFrameworksBuildPhase section */
		C537830226282FF80000A751 /* Frameworks */ = {
			isa = PBXFrameworksBuildPhase;
			buildActionMask = 2147483647;
			files = (
			);
			runOnlyForDeploymentPostprocessing = 0;
		};
/* End PBXFrameworksBuildPhase section */

/* Begin PBXGroup section */
		C53782FC26282FF80000A751 = {
			isa = PBXGroup;
			children = (
				C537830726282FF80000A751 /* TASK1_ADG */,
				C537830626282FF80000A751 /* Products */,
			);
			sourceTree = "<group>";
		};
		C537830626282FF80000A751 /* Products */ = {
			isa = PBXGroup;
			children = (
				C537830526282FF80000A751 /* S&L.app */,
			);
			name = Products;
			sourceTree = "<group>";
		};
		C537830726282FF80000A751 /* TASK1_ADG */ = {
			isa = PBXGroup;
			children = (
				C537830826282FF80000A751 /* AppDelegate.swift */,
				C537830A26282FF80000A751 /* SceneDelegate.swift */,
				C537830C26282FF80000A751 /* ViewController.swift */,
				C537830E26282FF80000A751 /* Main.storyboard */,
				C53783232628379D0000A751 /* MenuViewController.swift */,
				C537831D262837470000A751 /* LogInViewController.swift */,
				C537832826283B5E0000A751 /* SLogInViewController.swift */,
				C5378320262837800000A751 /* SignInViewController.swift */,
				C537832B26283B710000A751 /* SSignUpViewController.swift */,
				C537832F2628435C0000A751 /* FPViewController.swift */,
				C53442CE2628A42600C81FA1 /* SFPViewController.swift */,
				C537831126282FF80000A751 /* Assets.xcassets */,
				C537831326282FF80000A751 /* LaunchScreen.storyboard */,
				C537831626282FF80000A751 /* Info.plist */,
			);
			path = TASK1_ADG;
			sourceTree = "<group>";
		};
/* End PBXGroup section */

/* Begin PBXNativeTarget section */
		C537830426282FF80000A751 /* S&L */ = {
			isa = PBXNativeTarget;
			buildConfigurationList = C537831926282FF80000A751 /* Build configuration list for PBXNativeTarget "S&L" */;
			buildPhases = (
				C537830126282FF80000A751 /* Sources */,
				C537830226282FF80000A751 /* Frameworks */,
				C537830326282FF80000A751 /* Resources */,
			);
			buildRules = (
			);
			dependencies = (
			);
			name = "S&L";
			productName = TASK1_ADG;
			productReference = C537830526282FF80000A751 /* S&L.app */;
			productType = "com.apple.product-type.application";
		};
/* End PBXNativeTarget section */

/* Begin PBXProject section */
		C53782FD26282FF80000A751 /* Project object */ = {
			isa = PBXProject;
			attributes = {
				LastSwiftUpdateCheck = 1240;
				LastUpgradeCheck = 1240;
				TargetAttributes = {
					C537830426282FF80000A751 = {
						CreatedOnToolsVersion = 12.4;
					};
				};
			};
			buildConfigurationList = C537830026282FF80000A751 /* Build configuration list for PBXProject "TASK1_ADG" */;
			compatibilityVersion = "Xcode 9.3";
			developmentRegion = en;
			hasScannedForEncodings = 0;
			knownRegions = (
				en,
				Base,
			);
			mainGroup = C53782FC26282FF80000A751;
			productRefGroup = C537830626282FF80000A751 /* Products */;
			projectDirPath = "";
			projectRoot = "";
			targets = (
				C537830426282FF80000A751 /* S&L */,
			);
		};
/* End PBXProject section */

/* Begin PBXResourcesBuildPhase section */
		C537830326282FF80000A751 /* Resources */ = {
			isa = PBXResourcesBuildPhase;
			buildActionMask = 2147483647;
			files = (
				C537831526282FF80000A751 /* LaunchScreen.storyboard in Resources */,
				C537831226282FF80000A751 /* Assets.xcassets in Resources */,
				C537831026282FF80000A751 /* Main.storyboard in Resources */,
			);
			runOnlyForDeploymentPostprocessing = 0;
		};
/* End PBXResourcesBuildPhase section */

/* Begin PBXSourcesBuildPhase section */
		C537830126282FF80000A751 /* Sources */ = {
			isa = PBXSourcesBuildPhase;
			buildActionMask = 2147483647;
			files = (
				C53442CF2628A42600C81FA1 /* SFPViewController.swift in Sources */,
				C537831E262837470000A751 /* LogInViewController.swift in Sources */,
				C53783242628379D0000A751 /* MenuViewController.swift in Sources */,
				C537830D26282FF80000A751 /* ViewController.swift in Sources */,
				C537830926282FF80000A751 /* AppDelegate.swift in Sources */,
				C5378321262837800000A751 /* SignInViewController.swift in Sources */,
				C53783302628435C0000A751 /* FPViewController.swift in Sources */,
				C537832926283B5E0000A751 /* SLogInViewController.swift in Sources */,
				C537832C26283B710000A751 /* SSignUpViewController.swift in Sources */,
				C537830B26282FF80000A751 /* SceneDelegate.swift in Sources */,
			);
			runOnlyForDeploymentPostprocessing = 0;
		};
/* End PBXSourcesBuildPhase section */

/* Begin PBXVariantGroup section */
		C537830E26282FF80000A751 /* Main.storyboard */ = {
			isa = PBXVariantGroup;
			children = (
				C537830F26282FF80000A751 /* Base */,
			);
			name = Main.storyboard;
			sourceTree = "<group>";
		};
		C537831326282FF80000A751 /* LaunchScreen.storyboard */ = {
			isa = PBXVariantGroup;
			children = (
				C537831426282FF80000A751 /* Base */,
			);
			name = LaunchScreen.storyboard;
			sourceTree = "<group>";
		};
/* End PBXVariantGroup section */

/* Begin XCBuildConfiguration section */
		C537831726282FF80000A751 /* Debug */ = {
			isa = XCBuildConfiguration;
			buildSettings = {
				ALWAYS_SEARCH_USER_PATHS = NO;
				CLANG_ANALYZER_NONNULL = YES;
				CLANG_ANALYZER_NUMBER_OBJECT_CONVERSION = YES_AGGRESSIVE;
				CLANG_CXX_LANGUAGE_STANDARD = "gnu++14";
				CLANG_CXX_LIBRARY = "libc++";
				CLANG_ENABLE_MODULES = YES;
				CLANG_ENABLE_OBJC_ARC = YES;
				CLANG_ENABLE_OBJC_WEAK = YES;
				CLANG_WARN_BLOCK_CAPTURE_AUTORELEASING = YES;
				CLANG_WARN_BOOL_CONVERSION = YES;
				CLANG_WARN_COMMA = YES;
				CLANG_WARN_CONSTANT_CONVERSION = YES;
				CLANG_WARN_DEPRECATED_OBJC_IMPLEMENTATIONS = YES;
				CLANG_WARN_DIRECT_OBJC_ISA_USAGE = YES_ERROR;
				CLANG_WARN_DOCUMENTATION_COMMENTS = YES;
				CLANG_WARN_EMPTY_BODY = YES;
				CLANG_WARN_ENUM_CONVERSION = YES;
				CLANG_WARN_INFINITE_RECURSION = YES;
				CLANG_WARN_INT_CONVERSION = YES;
				CLANG_WARN_NON_LITERAL_NULL_CONVERSION = YES;
				CLANG_WARN_OBJC_IMPLICIT_RETAIN_SELF = YES;
				CLANG_WARN_OBJC_LITERAL_CONVERSION = YES;
				CLANG_WARN_OBJC_ROOT_CLASS = YES_ERROR;
				CLANG_WARN_QUOTED_INCLUDE_IN_FRAMEWORK_HEADER = YES;
				CLANG_WARN_RANGE_LOOP_ANALYSIS = YES;
				CLANG_WARN_STRICT_PROTOTYPES = YES;
				CLANG_WARN_SUSPICIOUS_MOVE = YES;
				CLANG_WARN_UNGUARDED_AVAILABILITY = YES_AGGRESSIVE;
				CLANG_WARN_UNREACHABLE_CODE = YES;
				CLANG_WARN__DUPLICATE_METHOD_MATCH = YES;
				COPY_PHASE_STRIP = NO;
				DEBUG_INFORMATION_FORMAT = dwarf;
				ENABLE_STRICT_OBJC_MSGSEND = YES;
				ENABLE_TESTABILITY = YES;
				GCC_C_LANGUAGE_STANDARD = gnu11;
				GCC_DYNAMIC_NO_PIC = NO;
				GCC_NO_COMMON_BLOCKS = YES;
				GCC_OPTIMIZATION_LEVEL = 0;
				GCC_PREPROCESSOR_DEFINITIONS = (
					"DEBUG=1",
					"$(inherited)",
				);
				GCC_WARN_64_TO_32_BIT_CONVERSION = YES;
				GCC_WARN_ABOUT_RETURN_TYPE = YES_ERROR;
				GCC_WARN_UNDECLARED_SELECTOR = YES;
				GCC_WARN_UNINITIALIZED_AUTOS = YES_AGGRESSIVE;
				GCC_WARN_UNUSED_FUNCTION = YES;
				GCC_WARN_UNUSED_VARIABLE = YES;
				IPHONEOS_DEPLOYMENT_TARGET = 14.4;
				MTL_ENABLE_DEBUG_INFO = INCLUDE_SOURCE;
				MTL_FAST_MATH = YES;
				ONLY_ACTIVE_ARCH = YES;
				SDKROOT = iphoneos;
				SWIFT_ACTIVE_COMPILATION_CONDITIONS = DEBUG;
				SWIFT_OPTIMIZATION_LEVEL = "-Onone";
			};
			name = Debug;
		};
		C537831826282FF80000A751 /* Release */ = {
			isa = XCBuildConfiguration;
			buildSettings = {
				ALWAYS_SEARCH_USER_PATHS = NO;
				CLANG_ANALYZER_NONNULL = YES;
				CLANG_ANALYZER_NUMBER_OBJECT_CONVERSION = YES_AGGRESSIVE;
				CLANG_CXX_LANGUAGE_STANDARD = "gnu++14";
				CLANG_CXX_LIBRARY = "libc++";
				CLANG_ENABLE_MODULES = YES;
				CLANG_ENABLE_OBJC_ARC = YES;
				CLANG_ENABLE_OBJC_WEAK = YES;
				CLANG_WARN_BLOCK_CAPTURE_AUTORELEASING = YES;
				CLANG_WARN_BOOL_CONVERSION = YES;
				CLANG_WARN_COMMA = YES;
				CLANG_WARN_CONSTANT_CONVERSION = YES;
				CLANG_WARN_DEPRECATED_OBJC_IMPLEMENTATIONS = YES;
				CLANG_WARN_DIRECT_OBJC_ISA_USAGE = YES_ERROR;
				CLANG_WARN_DOCUMENTATION_COMMENTS = YES;
				CLANG_WARN_EMPTY_BODY = YES;
				CLANG_WARN_ENUM_CONVERSION = YES;
				CLANG_WARN_INFINITE_RECURSION = YES;
				CLANG_WARN_INT_CONVERSION = YES;
				CLANG_WARN_NON_LITERAL_NULL_CONVERSION = YES;
				CLANG_WARN_OBJC_IMPLICIT_RETAIN_SELF = YES;
				CLANG_WARN_OBJC_LITERAL_CONVERSION = YES;
				CLANG_WARN_OBJC_ROOT_CLASS = YES_ERROR;
				CLANG_WARN_QUOTED_INCLUDE_IN_FRAMEWORK_HEADER = YES;
				CLANG_WARN_RANGE_LOOP_ANALYSIS = YES;
				CLANG_WARN_STRICT_PROTOTYPES = YES;
				CLANG_WARN_SUSPICIOUS_MOVE = YES;
				CLANG_WARN_UNGUARDED_AVAILABILITY = YES_AGGRESSIVE;
				CLANG_WARN_UNREACHABLE_CODE = YES;
				CLANG_WARN__DUPLICATE_METHOD_MATCH = YES;
				COPY_PHASE_STRIP = NO;
				DEBUG_INFORMATION_FORMAT = "dwarf-with-dsym";
				ENABLE_NS_ASSERTIONS = NO;
				ENABLE_STRICT_OBJC_MSGSEND = YES;
				GCC_C_LANGUAGE_STANDARD = gnu11;
				GCC_NO_COMMON_BLOCKS = YES;
				GCC_WARN_64_TO_32_BIT_CONVERSION = YES;
				GCC_WARN_ABOUT_RETURN_TYPE = YES_ERROR;
				GCC_WARN_UNDECLARED_SELECTOR = YES;
				GCC_WARN_UNINITIALIZED_AUTOS = YES_AGGRESSIVE;
				GCC_WARN_UNUSED_FUNCTION = YES;
				GCC_WARN_UNUSED_VARIABLE = YES;
				IPHONEOS_DEPLOYMENT_TARGET = 14.4;
				MTL_ENABLE_DEBUG_INFO = NO;
				MTL_FAST_MATH = YES;
				SDKROOT = iphoneos;
				SWIFT_COMPILATION_MODE = wholemodule;
				SWIFT_OPTIMIZATION_LEVEL = "-O";
				VALIDATE_PRODUCT = YES;
			};
			name = Release;
		};
		C537831A26282FF80000A751 /* Debug */ = {
			isa = XCBuildConfiguration;
			buildSettings = {
				ASSETCATALOG_COMPILER_APPICON_NAME = AppIcon;
				ASSETCATALOG_COMPILER_GLOBAL_ACCENT_COLOR_NAME = AccentColor;
				CODE_SIGN_STYLE = Automatic;
				INFOPLIST_FILE = TASK1_ADG/Info.plist;
				LD_RUNPATH_SEARCH_PATHS = (
					"$(inherited)",
					"@executable_path/Frameworks",
				);
				PRODUCT_BUNDLE_IDENTIFIER = "com.mugdha.TASK1-ADG";
				PRODUCT_NAME = "$(TARGET_NAME)";
				SWIFT_VERSION = 5.0;
				TARGETED_DEVICE_FAMILY = "1,2";
			};
			name = Debug;
		};
		C537831B26282FF80000A751 /* Release */ = {
			isa = XCBuildConfiguration;
			buildSettings = {
				ASSETCATALOG_COMPILER_APPICON_NAME = AppIcon;
				ASSETCATALOG_COMPILER_GLOBAL_ACCENT_COLOR_NAME = AccentColor;
				CODE_SIGN_STYLE = Automatic;
				INFOPLIST_FILE = TASK1_ADG/Info.plist;
				LD_RUNPATH_SEARCH_PATHS = (
					"$(inherited)",
					"@executable_path/Frameworks",
				);
				PRODUCT_BUNDLE_IDENTIFIER = "com.mugdha.TASK1-ADG";
				PRODUCT_NAME = "$(TARGET_NAME)";
				SWIFT_VERSION = 5.0;
				TARGETED_DEVICE_FAMILY = "1,2";
			};
			name = Release;
		};
/* End XCBuildConfiguration section */

/* Begin XCConfigurationList section */
		C537830026282FF80000A751 /* Build configuration list for PBXProject "TASK1_ADG" */ = {
			isa = XCConfigurationList;
			buildConfigurations = (
				C537831726282FF80000A751 /* Debug */,
				C537831826282FF80000A751 /* Release */,
			);
			defaultConfigurationIsVisible = 0;
			defaultConfigurationName = Release;
		};
		C537831926282FF80000A751 /* Build configuration list for PBXNativeTarget "S&L" */ = {
			isa = XCConfigurationList;
			buildConfigurations = (
				C537831A26282FF80000A751 /* Debug */,
				C537831B26282FF80000A751 /* Release */,
			);
			defaultConfigurationIsVisible = 0;
			defaultConfigurationName = Release;
		};
/* End XCConfigurationList section */
	};
	rootObject = C53782FD26282FF80000A751 /* Project object */;
}
